
Microsoft Visual Studio Solution File, Format Version 12.00
# Visual Studio 15
VisualStudioVersion = 15.0.27130.2026
MinimumVisualStudioVersion = 10.0.40219.1
Project("{888888A0-9F3D-457C-B088-3A5042F75D52}") = "ADB_MedicalApp", "ADB_MedicalApp.pyproj", "{1905C196-7F42-4551-B0B7-54D496B52B14}"
EndProject
Global
	GlobalSection(SolutionConfigurationPlatforms) = preSolution
		Debug|Any CPU = Debug|Any CPU
		Release|Any CPU = Release|Any CPU
	EndGlobalSection
	GlobalSection(ProjectConfigurationPlatforms) = postSolution
		{1905C196-7F42-4551-B0B7-54D496B52B14}.Debug|Any CPU.ActiveCfg = Debug|Any CPU
		{1905C196-7F42-4551-B0B7-54D496B52B14}.Release|Any CPU.ActiveCfg = Release|Any CPU
	EndGlobalSection
	GlobalSection(SolutionProperties) = preSolution
		HideSolutionNode = FALSE
	EndGlobalSection
	GlobalSection(ExtensibilityGlobals) = postSolution
		SolutionGuid = {C555B74D-2403-4017-BD2C-F8B8F4C67410}
	EndGlobalSection
EndGlobal
