
Microsoft Visual Studio Solution File, Format Version 12.00
# Visual Studio 15
VisualStudioVersion = 15.0.27130.2026
MinimumVisualStudioVersion = 10.0.40219.1
Project("{888888A0-9F3D-457C-B088-3A5042F75D52}") = "MedicalApp", "MedicalApp\MedicalApp.pyproj", "{F9B78337-D92C-4106-9911-EF8C9B5F2D8B}"
EndProject
Global
	GlobalSection(SolutionConfigurationPlatforms) = preSolution
		Debug|Any CPU = Debug|Any CPU
		Release|Any CPU = Release|Any CPU
	EndGlobalSection
	GlobalSection(ProjectConfigurationPlatforms) = postSolution
		{F9B78337-D92C-4106-9911-EF8C9B5F2D8B}.Debug|Any CPU.ActiveCfg = Debug|Any CPU
		{F9B78337-D92C-4106-9911-EF8C9B5F2D8B}.Release|Any CPU.ActiveCfg = Release|Any CPU
	EndGlobalSection
	GlobalSection(SolutionProperties) = preSolution
		HideSolutionNode = FALSE
	EndGlobalSection
	GlobalSection(ExtensibilityGlobals) = postSolution
		SolutionGuid = {DBAB33F0-C4B8-4ADA-940B-98F472A9B31F}
	EndGlobalSection
EndGlobal
